%{
  "decimal": {:hex, :decimal, "1.8.0", "ca462e0d885f09a1c5a342dbd7c1dcf27ea63548c65a65e67334f4b61803822e", [:mix], [], "hexpm"},
  "esqlite": {:hex, :esqlite, "0.4.0", "8d0b88a774dceaec4fff0a6f63248efe811684591f186b6b21d4390be19bf1db", [:rebar3], [], "hexpm"},
  "exlager": {:git, "https://github.com/khia/exlager.git", "3524bd9c88f0ff9f85f63f775ab971848e91db8b", []},
  "goldrush": {:hex, :goldrush, "0.1.9", "f06e5d5f1277da5c413e84d5a2924174182fb108dabb39d5ec548b27424cd106", [:rebar3], [], "hexpm"},
  "lager": {:hex, :lager, "3.8.0", "3402b9a7e473680ca179fc2f1d827cab88dd37dd1e6113090c6f45ef05228a1c", [:rebar3], [{:goldrush, "0.1.9", [hex: :goldrush, repo: "hexpm", optional: false]}], "hexpm"},
  "nimble_csv": {:hex, :nimble_csv, "0.6.0", "a3673f26d41f986774fe6060e309615343d3cb83a6d435754d8b1fdbd5764879", [:mix], [], "hexpm"},
  "sqlitex": {:hex, :sqlitex, "1.7.0", "bf8a90f056c46e6e27c33722cb632b302b83847a88ac7545b3db940edfdab745", [:mix], [{:decimal, "~> 1.7", [hex: :decimal, repo: "hexpm", optional: false]}, {:esqlite, "~> 0.4", [hex: :esqlite, repo: "hexpm", optional: false]}], "hexpm"},
}
